
Microsoft Visual Studio Solution File, Format Version 12.00
# Visual Studio 2013
VisualStudioVersion = 12.0.30501.0
MinimumVisualStudioVersion = 10.0.40219.1
Project("{FAE04EC0-301F-11D3-BF4B-00C04F79EFBC}") = "MVC_Group_Project", "MVC_Group_Project\MVC_Group_Project.csproj", "{A61F1B32-E564-49C6-A13A-7C07B6C3BE02}"
EndProject
Project("{FAE04EC0-301F-11D3-BF4B-00C04F79EFBC}") = "MVC_Group_Project.Tests", "MVC_Group_Project.Tests\MVC_Group_Project.Tests.csproj", "{F17FB75B-A175-453D-8FBB-68667F7973D3}"
EndProject
Global
	GlobalSection(SolutionConfigurationPlatforms) = preSolution
		Debug|Any CPU = Debug|Any CPU
		Release|Any CPU = Release|Any CPU
	EndGlobalSection
	GlobalSection(ProjectConfigurationPlatforms) = postSolution
		{A61F1B32-E564-49C6-A13A-7C07B6C3BE02}.Debug|Any CPU.ActiveCfg = Debug|Any CPU
		{A61F1B32-E564-49C6-A13A-7C07B6C3BE02}.Debug|Any CPU.Build.0 = Debug|Any CPU
		{A61F1B32-E564-49C6-A13A-7C07B6C3BE02}.Release|Any CPU.ActiveCfg = Release|Any CPU
		{A61F1B32-E564-49C6-A13A-7C07B6C3BE02}.Release|Any CPU.Build.0 = Release|Any CPU
		{F17FB75B-A175-453D-8FBB-68667F7973D3}.Debug|Any CPU.ActiveCfg = Debug|Any CPU
		{F17FB75B-A175-453D-8FBB-68667F7973D3}.Debug|Any CPU.Build.0 = Debug|Any CPU
		{F17FB75B-A175-453D-8FBB-68667F7973D3}.Release|Any CPU.ActiveCfg = Release|Any CPU
		{F17FB75B-A175-453D-8FBB-68667F7973D3}.Release|Any CPU.Build.0 = Release|Any CPU
	EndGlobalSection
	GlobalSection(SolutionProperties) = preSolution
		HideSolutionNode = FALSE
	EndGlobalSection
EndGlobal
